
Microsoft Visual Studio Solution File, Format Version 12.00
# Visual Studio Version 16
VisualStudioVersion = 16.0.30114.105
MinimumVisualStudioVersion = 10.0.40219.1
Project("{2150E333-8FDC-42A3-9474-1A3956D46DE8}") = "src", "src", "{AE28882F-BDEA-47D6-8D77-3B9E4648194B}"
EndProject
Project("{FAE04EC0-301F-11D3-BF4B-00C04F79EFBC}") = "IdentityServer", "src\IdentityServer\IdentityServer.csproj", "{49C8AFE5-C8F5-47B9-9EFF-E7B0437B3383}"
EndProject
Global
	GlobalSection(SolutionConfigurationPlatforms) = preSolution
		Debug|Any CPU = Debug|Any CPU
		Debug|x64 = Debug|x64
		Debug|x86 = Debug|x86
		Release|Any CPU = Release|Any CPU
		Release|x64 = Release|x64
		Release|x86 = Release|x86
	EndGlobalSection
	GlobalSection(SolutionProperties) = preSolution
		HideSolutionNode = FALSE
	EndGlobalSection
	GlobalSection(ProjectConfigurationPlatforms) = postSolution
		{49C8AFE5-C8F5-47B9-9EFF-E7B0437B3383}.Debug|Any CPU.ActiveCfg = Debug|Any CPU
		{49C8AFE5-C8F5-47B9-9EFF-E7B0437B3383}.Debug|Any CPU.Build.0 = Debug|Any CPU
		{49C8AFE5-C8F5-47B9-9EFF-E7B0437B3383}.Debug|x64.ActiveCfg = Debug|Any CPU
		{49C8AFE5-C8F5-47B9-9EFF-E7B0437B3383}.Debug|x64.Build.0 = Debug|Any CPU
		{49C8AFE5-C8F5-47B9-9EFF-E7B0437B3383}.Debug|x86.ActiveCfg = Debug|Any CPU
		{49C8AFE5-C8F5-47B9-9EFF-E7B0437B3383}.Debug|x86.Build.0 = Debug|Any CPU
		{49C8AFE5-C8F5-47B9-9EFF-E7B0437B3383}.Release|Any CPU.ActiveCfg = Release|Any CPU
		{49C8AFE5-C8F5-47B9-9EFF-E7B0437B3383}.Release|Any CPU.Build.0 = Release|Any CPU
		{49C8AFE5-C8F5-47B9-9EFF-E7B0437B3383}.Release|x64.ActiveCfg = Release|Any CPU
		{49C8AFE5-C8F5-47B9-9EFF-E7B0437B3383}.Release|x64.Build.0 = Release|Any CPU
		{49C8AFE5-C8F5-47B9-9EFF-E7B0437B3383}.Release|x86.ActiveCfg = Release|Any CPU
		{49C8AFE5-C8F5-47B9-9EFF-E7B0437B3383}.Release|x86.Build.0 = Release|Any CPU
	EndGlobalSection
	GlobalSection(NestedProjects) = preSolution
		{49C8AFE5-C8F5-47B9-9EFF-E7B0437B3383} = {AE28882F-BDEA-47D6-8D77-3B9E4648194B}
	EndGlobalSection
EndGlobal
