
Microsoft Visual Studio Solution File, Format Version 12.00
# Visual Studio Version 16
VisualStudioVersion = 16.0.31911.196
MinimumVisualStudioVersion = 10.0.40219.1
Project("{9A19103F-16F7-4668-BE54-9A1E7A4F7556}") = "ConsoleApp", "ConsoleApp\ConsoleApp.csproj", "{BADEA099-70A5-45AA-9D9C-4A0F3B53508D}"
EndProject
Project("{FAE04EC0-301F-11D3-BF4B-00C04F79EFBC}") = "Polymorphism", "Polymorphism\Polymorphism.csproj", "{06288497-F017-43A6-92CC-FDC9DC66A5F3}"
EndProject
Global
	GlobalSection(SolutionConfigurationPlatforms) = preSolution
		Debug|Any CPU = Debug|Any CPU
		Release|Any CPU = Release|Any CPU
	EndGlobalSection
	GlobalSection(ProjectConfigurationPlatforms) = postSolution
		{BADEA099-70A5-45AA-9D9C-4A0F3B53508D}.Debug|Any CPU.ActiveCfg = Debug|Any CPU
		{BADEA099-70A5-45AA-9D9C-4A0F3B53508D}.Debug|Any CPU.Build.0 = Debug|Any CPU
		{BADEA099-70A5-45AA-9D9C-4A0F3B53508D}.Release|Any CPU.ActiveCfg = Release|Any CPU
		{BADEA099-70A5-45AA-9D9C-4A0F3B53508D}.Release|Any CPU.Build.0 = Release|Any CPU
		{06288497-F017-43A6-92CC-FDC9DC66A5F3}.Debug|Any CPU.ActiveCfg = Debug|Any CPU
		{06288497-F017-43A6-92CC-FDC9DC66A5F3}.Debug|Any CPU.Build.0 = Debug|Any CPU
		{06288497-F017-43A6-92CC-FDC9DC66A5F3}.Release|Any CPU.ActiveCfg = Release|Any CPU
		{06288497-F017-43A6-92CC-FDC9DC66A5F3}.Release|Any CPU.Build.0 = Release|Any CPU
	EndGlobalSection
	GlobalSection(SolutionProperties) = preSolution
		HideSolutionNode = FALSE
	EndGlobalSection
	GlobalSection(ExtensibilityGlobals) = postSolution
		SolutionGuid = {ECC23B1F-C996-4453-9971-0D4F555B2C8A}
	EndGlobalSection
EndGlobal
