
Microsoft Visual Studio Solution File, Format Version 12.00
# Visual Studio Version 16
VisualStudioVersion = 16.0.30114.105
MinimumVisualStudioVersion = 10.0.40219.1
Project("{2150E333-8FDC-42A3-9474-1A3956D46DE8}") = "3.Data Layer", "3.Data Layer", "{85067D65-3ED0-4B69-B96E-EFAF4ECA33AF}"
EndProject
Project("{9A19103F-16F7-4668-BE54-9A1E7A4F7556}") = "DbData.Entitties", "DbData.Entitties\DbData.Entitties.csproj", "{BC39E332-BDB7-4605-84E7-E9C63D0F9B74}"
EndProject
Project("{2150E333-8FDC-42A3-9474-1A3956D46DE8}") = "1. Presentation Layer", "1. Presentation Layer", "{595BD325-D13C-46B6-B2EA-DDA443E3497D}"
EndProject
Project("{9A19103F-16F7-4668-BE54-9A1E7A4F7556}") = "WebAdminApp", "WebAdminApp\WebAdminApp.csproj", "{0D41B6C6-46D0-45FF-93BE-9D977EA8B56A}"
EndProject
Project("{9A19103F-16F7-4668-BE54-9A1E7A4F7556}") = "DbData.Dal", "DbData.Dal\DbData.Dal.csproj", "{84A345CF-1D44-4D73-9CA7-0685E79D5F24}"
EndProject
Project("{9A19103F-16F7-4668-BE54-9A1E7A4F7556}") = "DbData.Dal.MsSql", "DbData.Dal.MsSql\DbData.Dal.MsSql.csproj", "{A97E7097-8638-4568-9529-567839BD9192}"
EndProject
Project("{2150E333-8FDC-42A3-9474-1A3956D46DE8}") = "4.Framework", "4.Framework", "{7EA2231A-0060-4B23-B017-4EF233735D81}"
EndProject
Project("{9A19103F-16F7-4668-BE54-9A1E7A4F7556}") = "Basic.Core", "Basic.Core\Basic.Core.csproj", "{655ADEDF-F691-4F88-95AF-B48DA5FC8FE4}"
EndProject
Project("{2150E333-8FDC-42A3-9474-1A3956D46DE8}") = "2.Bussiness layer", "2.Bussiness layer", "{70221A8D-1B11-4A53-9B4A-6EE6E9846BE7}"
EndProject
Project("{9A19103F-16F7-4668-BE54-9A1E7A4F7556}") = "DbData.Bll", "DbData.Bll\DbData.Bll.csproj", "{2E642316-8E20-4583-90E0-390CADECFF6D}"
EndProject
Project("{2150E333-8FDC-42A3-9474-1A3956D46DE8}") = "Test", "Test", "{E2136533-F6AC-41DF-BD3B-63C146A5FA82}"
EndProject
Project("{9A19103F-16F7-4668-BE54-9A1E7A4F7556}") = "MSTest", "MSTest\MSTest.csproj", "{43148C1E-325E-407F-B3BB-2AFA812D1133}"
EndProject
Project("{9A19103F-16F7-4668-BE54-9A1E7A4F7556}") = "Service", "Service\Service.csproj", "{9739FBE6-850C-4E33-9B69-61B023169FD6}"
EndProject
Project("{2150E333-8FDC-42A3-9474-1A3956D46DE8}") = "Example", "Example", "{2091FC9F-5D11-496E-956F-CFEDA470C020}"
EndProject
Global
	GlobalSection(SolutionConfigurationPlatforms) = preSolution
		Debug|Any CPU = Debug|Any CPU
		Debug|x64 = Debug|x64
		Debug|x86 = Debug|x86
		Release|Any CPU = Release|Any CPU
		Release|x64 = Release|x64
		Release|x86 = Release|x86
	EndGlobalSection
	GlobalSection(ProjectConfigurationPlatforms) = postSolution
		{BC39E332-BDB7-4605-84E7-E9C63D0F9B74}.Debug|Any CPU.ActiveCfg = Debug|Any CPU
		{BC39E332-BDB7-4605-84E7-E9C63D0F9B74}.Debug|Any CPU.Build.0 = Debug|Any CPU
		{BC39E332-BDB7-4605-84E7-E9C63D0F9B74}.Debug|x64.ActiveCfg = Debug|Any CPU
		{BC39E332-BDB7-4605-84E7-E9C63D0F9B74}.Debug|x64.Build.0 = Debug|Any CPU
		{BC39E332-BDB7-4605-84E7-E9C63D0F9B74}.Debug|x86.ActiveCfg = Debug|Any CPU
		{BC39E332-BDB7-4605-84E7-E9C63D0F9B74}.Debug|x86.Build.0 = Debug|Any CPU
		{BC39E332-BDB7-4605-84E7-E9C63D0F9B74}.Release|Any CPU.ActiveCfg = Release|Any CPU
		{BC39E332-BDB7-4605-84E7-E9C63D0F9B74}.Release|Any CPU.Build.0 = Release|Any CPU
		{BC39E332-BDB7-4605-84E7-E9C63D0F9B74}.Release|x64.ActiveCfg = Release|Any CPU
		{BC39E332-BDB7-4605-84E7-E9C63D0F9B74}.Release|x64.Build.0 = Release|Any CPU
		{BC39E332-BDB7-4605-84E7-E9C63D0F9B74}.Release|x86.ActiveCfg = Release|Any CPU
		{BC39E332-BDB7-4605-84E7-E9C63D0F9B74}.Release|x86.Build.0 = Release|Any CPU
		{0D41B6C6-46D0-45FF-93BE-9D977EA8B56A}.Debug|Any CPU.ActiveCfg = Debug|Any CPU
		{0D41B6C6-46D0-45FF-93BE-9D977EA8B56A}.Debug|Any CPU.Build.0 = Debug|Any CPU
		{0D41B6C6-46D0-45FF-93BE-9D977EA8B56A}.Debug|x64.ActiveCfg = Debug|Any CPU
		{0D41B6C6-46D0-45FF-93BE-9D977EA8B56A}.Debug|x64.Build.0 = Debug|Any CPU
		{0D41B6C6-46D0-45FF-93BE-9D977EA8B56A}.Debug|x86.ActiveCfg = Debug|Any CPU
		{0D41B6C6-46D0-45FF-93BE-9D977EA8B56A}.Debug|x86.Build.0 = Debug|Any CPU
		{0D41B6C6-46D0-45FF-93BE-9D977EA8B56A}.Release|Any CPU.ActiveCfg = Release|Any CPU
		{0D41B6C6-46D0-45FF-93BE-9D977EA8B56A}.Release|Any CPU.Build.0 = Release|Any CPU
		{0D41B6C6-46D0-45FF-93BE-9D977EA8B56A}.Release|x64.ActiveCfg = Release|Any CPU
		{0D41B6C6-46D0-45FF-93BE-9D977EA8B56A}.Release|x64.Build.0 = Release|Any CPU
		{0D41B6C6-46D0-45FF-93BE-9D977EA8B56A}.Release|x86.ActiveCfg = Release|Any CPU
		{0D41B6C6-46D0-45FF-93BE-9D977EA8B56A}.Release|x86.Build.0 = Release|Any CPU
		{84A345CF-1D44-4D73-9CA7-0685E79D5F24}.Debug|Any CPU.ActiveCfg = Debug|Any CPU
		{84A345CF-1D44-4D73-9CA7-0685E79D5F24}.Debug|Any CPU.Build.0 = Debug|Any CPU
		{84A345CF-1D44-4D73-9CA7-0685E79D5F24}.Debug|x64.ActiveCfg = Debug|Any CPU
		{84A345CF-1D44-4D73-9CA7-0685E79D5F24}.Debug|x64.Build.0 = Debug|Any CPU
		{84A345CF-1D44-4D73-9CA7-0685E79D5F24}.Debug|x86.ActiveCfg = Debug|Any CPU
		{84A345CF-1D44-4D73-9CA7-0685E79D5F24}.Debug|x86.Build.0 = Debug|Any CPU
		{84A345CF-1D44-4D73-9CA7-0685E79D5F24}.Release|Any CPU.ActiveCfg = Release|Any CPU
		{84A345CF-1D44-4D73-9CA7-0685E79D5F24}.Release|Any CPU.Build.0 = Release|Any CPU
		{84A345CF-1D44-4D73-9CA7-0685E79D5F24}.Release|x64.ActiveCfg = Release|Any CPU
		{84A345CF-1D44-4D73-9CA7-0685E79D5F24}.Release|x64.Build.0 = Release|Any CPU
		{84A345CF-1D44-4D73-9CA7-0685E79D5F24}.Release|x86.ActiveCfg = Release|Any CPU
		{84A345CF-1D44-4D73-9CA7-0685E79D5F24}.Release|x86.Build.0 = Release|Any CPU
		{A97E7097-8638-4568-9529-567839BD9192}.Debug|Any CPU.ActiveCfg = Debug|Any CPU
		{A97E7097-8638-4568-9529-567839BD9192}.Debug|Any CPU.Build.0 = Debug|Any CPU
		{A97E7097-8638-4568-9529-567839BD9192}.Debug|x64.ActiveCfg = Debug|Any CPU
		{A97E7097-8638-4568-9529-567839BD9192}.Debug|x64.Build.0 = Debug|Any CPU
		{A97E7097-8638-4568-9529-567839BD9192}.Debug|x86.ActiveCfg = Debug|Any CPU
		{A97E7097-8638-4568-9529-567839BD9192}.Debug|x86.Build.0 = Debug|Any CPU
		{A97E7097-8638-4568-9529-567839BD9192}.Release|Any CPU.ActiveCfg = Release|Any CPU
		{A97E7097-8638-4568-9529-567839BD9192}.Release|Any CPU.Build.0 = Release|Any CPU
		{A97E7097-8638-4568-9529-567839BD9192}.Release|x64.ActiveCfg = Release|Any CPU
		{A97E7097-8638-4568-9529-567839BD9192}.Release|x64.Build.0 = Release|Any CPU
		{A97E7097-8638-4568-9529-567839BD9192}.Release|x86.ActiveCfg = Release|Any CPU
		{A97E7097-8638-4568-9529-567839BD9192}.Release|x86.Build.0 = Release|Any CPU
		{655ADEDF-F691-4F88-95AF-B48DA5FC8FE4}.Debug|Any CPU.ActiveCfg = Debug|Any CPU
		{655ADEDF-F691-4F88-95AF-B48DA5FC8FE4}.Debug|Any CPU.Build.0 = Debug|Any CPU
		{655ADEDF-F691-4F88-95AF-B48DA5FC8FE4}.Debug|x64.ActiveCfg = Debug|Any CPU
		{655ADEDF-F691-4F88-95AF-B48DA5FC8FE4}.Debug|x64.Build.0 = Debug|Any CPU
		{655ADEDF-F691-4F88-95AF-B48DA5FC8FE4}.Debug|x86.ActiveCfg = Debug|Any CPU
		{655ADEDF-F691-4F88-95AF-B48DA5FC8FE4}.Debug|x86.Build.0 = Debug|Any CPU
		{655ADEDF-F691-4F88-95AF-B48DA5FC8FE4}.Release|Any CPU.ActiveCfg = Release|Any CPU
		{655ADEDF-F691-4F88-95AF-B48DA5FC8FE4}.Release|Any CPU.Build.0 = Release|Any CPU
		{655ADEDF-F691-4F88-95AF-B48DA5FC8FE4}.Release|x64.ActiveCfg = Release|Any CPU
		{655ADEDF-F691-4F88-95AF-B48DA5FC8FE4}.Release|x64.Build.0 = Release|Any CPU
		{655ADEDF-F691-4F88-95AF-B48DA5FC8FE4}.Release|x86.ActiveCfg = Release|Any CPU
		{655ADEDF-F691-4F88-95AF-B48DA5FC8FE4}.Release|x86.Build.0 = Release|Any CPU
		{2E642316-8E20-4583-90E0-390CADECFF6D}.Debug|Any CPU.ActiveCfg = Debug|Any CPU
		{2E642316-8E20-4583-90E0-390CADECFF6D}.Debug|Any CPU.Build.0 = Debug|Any CPU
		{2E642316-8E20-4583-90E0-390CADECFF6D}.Debug|x64.ActiveCfg = Debug|Any CPU
		{2E642316-8E20-4583-90E0-390CADECFF6D}.Debug|x64.Build.0 = Debug|Any CPU
		{2E642316-8E20-4583-90E0-390CADECFF6D}.Debug|x86.ActiveCfg = Debug|Any CPU
		{2E642316-8E20-4583-90E0-390CADECFF6D}.Debug|x86.Build.0 = Debug|Any CPU
		{2E642316-8E20-4583-90E0-390CADECFF6D}.Release|Any CPU.ActiveCfg = Release|Any CPU
		{2E642316-8E20-4583-90E0-390CADECFF6D}.Release|Any CPU.Build.0 = Release|Any CPU
		{2E642316-8E20-4583-90E0-390CADECFF6D}.Release|x64.ActiveCfg = Release|Any CPU
		{2E642316-8E20-4583-90E0-390CADECFF6D}.Release|x64.Build.0 = Release|Any CPU
		{2E642316-8E20-4583-90E0-390CADECFF6D}.Release|x86.ActiveCfg = Release|Any CPU
		{2E642316-8E20-4583-90E0-390CADECFF6D}.Release|x86.Build.0 = Release|Any CPU
		{43148C1E-325E-407F-B3BB-2AFA812D1133}.Debug|Any CPU.ActiveCfg = Debug|Any CPU
		{43148C1E-325E-407F-B3BB-2AFA812D1133}.Debug|Any CPU.Build.0 = Debug|Any CPU
		{43148C1E-325E-407F-B3BB-2AFA812D1133}.Debug|x64.ActiveCfg = Debug|Any CPU
		{43148C1E-325E-407F-B3BB-2AFA812D1133}.Debug|x64.Build.0 = Debug|Any CPU
		{43148C1E-325E-407F-B3BB-2AFA812D1133}.Debug|x86.ActiveCfg = Debug|Any CPU
		{43148C1E-325E-407F-B3BB-2AFA812D1133}.Debug|x86.Build.0 = Debug|Any CPU
		{43148C1E-325E-407F-B3BB-2AFA812D1133}.Release|Any CPU.ActiveCfg = Release|Any CPU
		{43148C1E-325E-407F-B3BB-2AFA812D1133}.Release|Any CPU.Build.0 = Release|Any CPU
		{43148C1E-325E-407F-B3BB-2AFA812D1133}.Release|x64.ActiveCfg = Release|Any CPU
		{43148C1E-325E-407F-B3BB-2AFA812D1133}.Release|x64.Build.0 = Release|Any CPU
		{43148C1E-325E-407F-B3BB-2AFA812D1133}.Release|x86.ActiveCfg = Release|Any CPU
		{43148C1E-325E-407F-B3BB-2AFA812D1133}.Release|x86.Build.0 = Release|Any CPU
		{9739FBE6-850C-4E33-9B69-61B023169FD6}.Debug|Any CPU.ActiveCfg = Debug|Any CPU
		{9739FBE6-850C-4E33-9B69-61B023169FD6}.Debug|Any CPU.Build.0 = Debug|Any CPU
		{9739FBE6-850C-4E33-9B69-61B023169FD6}.Debug|x64.ActiveCfg = Debug|Any CPU
		{9739FBE6-850C-4E33-9B69-61B023169FD6}.Debug|x64.Build.0 = Debug|Any CPU
		{9739FBE6-850C-4E33-9B69-61B023169FD6}.Debug|x86.ActiveCfg = Debug|Any CPU
		{9739FBE6-850C-4E33-9B69-61B023169FD6}.Debug|x86.Build.0 = Debug|Any CPU
		{9739FBE6-850C-4E33-9B69-61B023169FD6}.Release|Any CPU.ActiveCfg = Release|Any CPU
		{9739FBE6-850C-4E33-9B69-61B023169FD6}.Release|Any CPU.Build.0 = Release|Any CPU
		{9739FBE6-850C-4E33-9B69-61B023169FD6}.Release|x64.ActiveCfg = Release|Any CPU
		{9739FBE6-850C-4E33-9B69-61B023169FD6}.Release|x64.Build.0 = Release|Any CPU
		{9739FBE6-850C-4E33-9B69-61B023169FD6}.Release|x86.ActiveCfg = Release|Any CPU
		{9739FBE6-850C-4E33-9B69-61B023169FD6}.Release|x86.Build.0 = Release|Any CPU
	EndGlobalSection
	GlobalSection(SolutionProperties) = preSolution
		HideSolutionNode = FALSE
	EndGlobalSection
	GlobalSection(NestedProjects) = preSolution
		{BC39E332-BDB7-4605-84E7-E9C63D0F9B74} = {85067D65-3ED0-4B69-B96E-EFAF4ECA33AF}
		{0D41B6C6-46D0-45FF-93BE-9D977EA8B56A} = {595BD325-D13C-46B6-B2EA-DDA443E3497D}
		{84A345CF-1D44-4D73-9CA7-0685E79D5F24} = {85067D65-3ED0-4B69-B96E-EFAF4ECA33AF}
		{A97E7097-8638-4568-9529-567839BD9192} = {85067D65-3ED0-4B69-B96E-EFAF4ECA33AF}
		{655ADEDF-F691-4F88-95AF-B48DA5FC8FE4} = {7EA2231A-0060-4B23-B017-4EF233735D81}
		{2E642316-8E20-4583-90E0-390CADECFF6D} = {70221A8D-1B11-4A53-9B4A-6EE6E9846BE7}
		{43148C1E-325E-407F-B3BB-2AFA812D1133} = {E2136533-F6AC-41DF-BD3B-63C146A5FA82}
		{9739FBE6-850C-4E33-9B69-61B023169FD6} = {7EA2231A-0060-4B23-B017-4EF233735D81}
	EndGlobalSection
	GlobalSection(ExtensibilityGlobals) = postSolution
		SolutionGuid = {9AF5C938-7AC1-4350-A917-B359C79411E8}
	EndGlobalSection
EndGlobal
